
Microsoft Visual Studio Solution File, Format Version 12.00
# Visual Studio Version 17
VisualStudioVersion = 17.7.34202.233
MinimumVisualStudioVersion = 10.0.40219.1
Project("{FAE04EC0-301F-11D3-BF4B-00C04F79EFBC}") = "Entities", "Entities\Entities.csproj", "{AB820EFF-74CA-40B0-9001-EF1B676D28F7}"
EndProject
Project("{FAE04EC0-301F-11D3-BF4B-00C04F79EFBC}") = "Business", "Business\Business.csproj", "{876FCB65-ED90-4761-B347-5B620968510C}"
EndProject
Project("{FAE04EC0-301F-11D3-BF4B-00C04F79EFBC}") = "DataAccess", "DataAccess\DataAccess.csproj", "{B73F110C-F804-4736-9AB2-9B1F8397265C}"
EndProject
Project("{FAE04EC0-301F-11D3-BF4B-00C04F79EFBC}") = "Core", "Core\Core.csproj", "{5AD9F31D-6EEB-42D9-954A-0F4EF23F6B4C}"
EndProject
Project("{FAE04EC0-301F-11D3-BF4B-00C04F79EFBC}") = "WebApi", "WebApi\WebApi.csproj", "{00872036-D93F-486C-9AE7-64DB6EF734AB}"
EndProject
Global
	GlobalSection(SolutionConfigurationPlatforms) = preSolution
		Debug|Any CPU = Debug|Any CPU
		Release|Any CPU = Release|Any CPU
	EndGlobalSection
	GlobalSection(ProjectConfigurationPlatforms) = postSolution
		{AB820EFF-74CA-40B0-9001-EF1B676D28F7}.Debug|Any CPU.ActiveCfg = Debug|Any CPU
		{AB820EFF-74CA-40B0-9001-EF1B676D28F7}.Debug|Any CPU.Build.0 = Debug|Any CPU
		{AB820EFF-74CA-40B0-9001-EF1B676D28F7}.Release|Any CPU.ActiveCfg = Release|Any CPU
		{AB820EFF-74CA-40B0-9001-EF1B676D28F7}.Release|Any CPU.Build.0 = Release|Any CPU
		{876FCB65-ED90-4761-B347-5B620968510C}.Debug|Any CPU.ActiveCfg = Debug|Any CPU
		{876FCB65-ED90-4761-B347-5B620968510C}.Debug|Any CPU.Build.0 = Debug|Any CPU
		{876FCB65-ED90-4761-B347-5B620968510C}.Release|Any CPU.ActiveCfg = Release|Any CPU
		{876FCB65-ED90-4761-B347-5B620968510C}.Release|Any CPU.Build.0 = Release|Any CPU
		{B73F110C-F804-4736-9AB2-9B1F8397265C}.Debug|Any CPU.ActiveCfg = Debug|Any CPU
		{B73F110C-F804-4736-9AB2-9B1F8397265C}.Debug|Any CPU.Build.0 = Debug|Any CPU
		{B73F110C-F804-4736-9AB2-9B1F8397265C}.Release|Any CPU.ActiveCfg = Release|Any CPU
		{B73F110C-F804-4736-9AB2-9B1F8397265C}.Release|Any CPU.Build.0 = Release|Any CPU
		{5AD9F31D-6EEB-42D9-954A-0F4EF23F6B4C}.Debug|Any CPU.ActiveCfg = Debug|Any CPU
		{5AD9F31D-6EEB-42D9-954A-0F4EF23F6B4C}.Debug|Any CPU.Build.0 = Debug|Any CPU
		{5AD9F31D-6EEB-42D9-954A-0F4EF23F6B4C}.Release|Any CPU.ActiveCfg = Release|Any CPU
		{5AD9F31D-6EEB-42D9-954A-0F4EF23F6B4C}.Release|Any CPU.Build.0 = Release|Any CPU
		{00872036-D93F-486C-9AE7-64DB6EF734AB}.Debug|Any CPU.ActiveCfg = Debug|Any CPU
		{00872036-D93F-486C-9AE7-64DB6EF734AB}.Debug|Any CPU.Build.0 = Debug|Any CPU
		{00872036-D93F-486C-9AE7-64DB6EF734AB}.Release|Any CPU.ActiveCfg = Release|Any CPU
		{00872036-D93F-486C-9AE7-64DB6EF734AB}.Release|Any CPU.Build.0 = Release|Any CPU
	EndGlobalSection
	GlobalSection(SolutionProperties) = preSolution
		HideSolutionNode = FALSE
	EndGlobalSection
	GlobalSection(ExtensibilityGlobals) = postSolution
		SolutionGuid = {0C2FC7BE-4588-4230-8310-07326A862B60}
	EndGlobalSection
EndGlobal
